
Microsoft Visual Studio Solution File, Format Version 12.00
# Visual Studio Version 16
VisualStudioVersion = 16.0.30104.148
MinimumVisualStudioVersion = 10.0.40219.1
Project("{FAE04EC0-301F-11D3-BF4B-00C04F79EFBC}") = "AspNet-Core-Wcf-Client", "AspNet-Core-Wcf-Client\AspNet-Core-Wcf-Client.csproj", "{201F6BBF-8BA6-4672-A72A-18E5A69A4EBC}"
EndProject
Global
	GlobalSection(SolutionConfigurationPlatforms) = preSolution
		Debug|Any CPU = Debug|Any CPU
		Release|Any CPU = Release|Any CPU
	EndGlobalSection
	GlobalSection(ProjectConfigurationPlatforms) = postSolution
		{201F6BBF-8BA6-4672-A72A-18E5A69A4EBC}.Debug|Any CPU.ActiveCfg = Debug|Any CPU
		{201F6BBF-8BA6-4672-A72A-18E5A69A4EBC}.Debug|Any CPU.Build.0 = Debug|Any CPU
		{201F6BBF-8BA6-4672-A72A-18E5A69A4EBC}.Release|Any CPU.ActiveCfg = Release|Any CPU
		{201F6BBF-8BA6-4672-A72A-18E5A69A4EBC}.Release|Any CPU.Build.0 = Release|Any CPU
	EndGlobalSection
	GlobalSection(SolutionProperties) = preSolution
		HideSolutionNode = FALSE
	EndGlobalSection
	GlobalSection(ExtensibilityGlobals) = postSolution
		SolutionGuid = {58BC68E3-5F3F-448F-816A-C3EECAD06E4E}
	EndGlobalSection
EndGlobal
